
Microsoft Visual Studio Solution File, Format Version 12.00
# Visual Studio 15
VisualStudioVersion = 15.0.28307.106
MinimumVisualStudioVersion = 10.0.40219.1
Project("{9A19103F-16F7-4668-BE54-9A1E7A4F7556}") = "dockerappkub", "E:\Test\dockerappkub\dockerappkub\dockerappkub.csproj", "{38AF6E8D-3843-4CAE-94E1-E7590B7A24A7}"
EndProject
Global
	GlobalSection(SolutionConfigurationPlatforms) = preSolution
		Debug|Any CPU = Debug|Any CPU
		Release|Any CPU = Release|Any CPU
	EndGlobalSection
	GlobalSection(ProjectConfigurationPlatforms) = postSolution
		{38AF6E8D-3843-4CAE-94E1-E7590B7A24A7}.Debug|Any CPU.ActiveCfg = Debug|Any CPU
		{38AF6E8D-3843-4CAE-94E1-E7590B7A24A7}.Debug|Any CPU.Build.0 = Debug|Any CPU
		{38AF6E8D-3843-4CAE-94E1-E7590B7A24A7}.Release|Any CPU.ActiveCfg = Release|Any CPU
		{38AF6E8D-3843-4CAE-94E1-E7590B7A24A7}.Release|Any CPU.Build.0 = Release|Any CPU
	EndGlobalSection
	GlobalSection(SolutionProperties) = preSolution
		HideSolutionNode = FALSE
	EndGlobalSection
	GlobalSection(ExtensibilityGlobals) = postSolution
		SolutionGuid = {25639F25-082C-4522-A7E1-C6811CDF44B6}
	EndGlobalSection
EndGlobal
